
Microsoft Visual Studio Solution File, Format Version 12.00
# Visual Studio Version 17
VisualStudioVersion = 17.8.34511.84
MinimumVisualStudioVersion = 10.0.40219.1
Project("{FAE04EC0-301F-11D3-BF4B-00C04F79EFBC}") = "Happy-Devs-BE", "Happy-Devs-BE.csproj", "{DCE9650E-44B3-436F-A301-185C1F17EBFA}"
EndProject
Global
	GlobalSection(SolutionConfigurationPlatforms) = preSolution
		Debug|Any CPU = Debug|Any CPU
		Release|Any CPU = Release|Any CPU
	EndGlobalSection
	GlobalSection(ProjectConfigurationPlatforms) = postSolution
		{DCE9650E-44B3-436F-A301-185C1F17EBFA}.Debug|Any CPU.ActiveCfg = Debug|Any CPU
		{DCE9650E-44B3-436F-A301-185C1F17EBFA}.Debug|Any CPU.Build.0 = Debug|Any CPU
		{DCE9650E-44B3-436F-A301-185C1F17EBFA}.Release|Any CPU.ActiveCfg = Release|Any CPU
		{DCE9650E-44B3-436F-A301-185C1F17EBFA}.Release|Any CPU.Build.0 = Release|Any CPU
	EndGlobalSection
	GlobalSection(SolutionProperties) = preSolution
		HideSolutionNode = FALSE
	EndGlobalSection
	GlobalSection(ExtensibilityGlobals) = postSolution
		SolutionGuid = {3A72254D-BE8A-4A21-9692-1E05E7A9095A}
	EndGlobalSection
EndGlobal
